{
  "blueprint": "1.1.1",
  "profile": "static",
  "files": [
    ".dockerignore",
    ".github/workflows/release.yml",
    "assets/logo/packetpilot-icon-dark.svg",
    "assets/logo/packetpilot-icon-light.svg",
    "build.sh",
    "deploy/compose/https/.env.example",
    "deploy/compose/https/Caddyfile",
    "deploy/compose/https/docker-compose.yml",
    "deploy/docker/40-packetpilot-site.sh",
    "deploy/docker/nginx.conf",
    "deploy/helm/packetpilot/Chart.yaml",
    "deploy/helm/packetpilot/templates/_helpers.tpl",
    "deploy/helm/packetpilot/templates/deployment.yaml",
    "deploy/helm/packetpilot/templates/hpa.yaml",
    "deploy/helm/packetpilot/templates/ingress.yaml",
    "deploy/helm/packetpilot/templates/networkpolicy.yaml",
    "deploy/helm/packetpilot/templates/NOTES.txt",
    "deploy/helm/packetpilot/templates/pdb.yaml",
    "deploy/helm/packetpilot/templates/service.yaml",
    "deploy/helm/packetpilot/templates/tests/test-connection.yaml",
    "deploy/helm/packetpilot/values.yaml",
    "deploy/kubernetes/packetpilot.yaml",
    "docker-compose.yml",
    "Dockerfile",
    "docs/DEPLOYMENT.md",
    "docs/DESIGN.md",
    "installer/core/head.sh",
    "installer/core/tail.sh",
    "src/css/base.css",
    "src/fonts/cantarell.woff2",
    "src/fonts/dejavu-sans-mono-bold.woff2",
    "src/fonts/dejavu-sans-mono.woff2",
    "src/fonts/LICENSE-Cantarell.txt",
    "src/fonts/LICENSE-DejaVu.txt",
    "src/js/core/icons.js",
    "src/js/core/pack.js",
    "src/js/core/shell.js",
    "src/js/core/site.js",
    "src/js/core/storage.js",
    "src/js/core/ui.js",
    "src/migrate.html",
    "test/browser/blueprint.test.mjs",
    "test/installer/run.sh",
    "test/lib/browser.mjs",
    "test/lib/serve.mjs",
    "test/run.mjs",
    "test/unit/blueprint.test.mjs"
  ]
}
